
Microsoft Visual Studio Solution File, Format Version 12.00
# Visual Studio Version 16
VisualStudioVersion = 16.0.30907.101
MinimumVisualStudioVersion = 10.0.40219.1
Project("{FAE04EC0-301F-11D3-BF4B-00C04F79EFBC}") = "ejercicio 4", "ejercicio 4\ejercicio 4.csproj", "{68B55BBA-FAB4-4E1B-B96F-2A2D12D967ED}"
EndProject
Global
	GlobalSection(SolutionConfigurationPlatforms) = preSolution
		Debug|Any CPU = Debug|Any CPU
		Release|Any CPU = Release|Any CPU
	EndGlobalSection
	GlobalSection(ProjectConfigurationPlatforms) = postSolution
		{68B55BBA-FAB4-4E1B-B96F-2A2D12D967ED}.Debug|Any CPU.ActiveCfg = Debug|Any CPU
		{68B55BBA-FAB4-4E1B-B96F-2A2D12D967ED}.Debug|Any CPU.Build.0 = Debug|Any CPU
		{68B55BBA-FAB4-4E1B-B96F-2A2D12D967ED}.Release|Any CPU.ActiveCfg = Release|Any CPU
		{68B55BBA-FAB4-4E1B-B96F-2A2D12D967ED}.Release|Any CPU.Build.0 = Release|Any CPU
	EndGlobalSection
	GlobalSection(SolutionProperties) = preSolution
		HideSolutionNode = FALSE
	EndGlobalSection
	GlobalSection(ExtensibilityGlobals) = postSolution
		SolutionGuid = {AAD34478-F734-4BB4-BEEA-43B4F7F5638F}
	EndGlobalSection
EndGlobal
